
Microsoft Visual Studio Solution File, Format Version 12.00
# Visual Studio Version 16
VisualStudioVersion = 16.0.30523.141
MinimumVisualStudioVersion = 10.0.40219.1
Project("{FAE04EC0-301F-11D3-BF4B-00C04F79EFBC}") = "Server", "Server.csproj", "{0FC66835-C411-4226-A26D-F6E5BA2227E5}"
EndProject
Project("{FAE04EC0-301F-11D3-BF4B-00C04F79EFBC}") = "Client", "..\Client\Client.csproj", "{51EB673F-CEAF-463E-B3A4-5AAD767151DF}"
EndProject
Project("{9A19103F-16F7-4668-BE54-9A1E7A4F7556}") = "Packets", "..\Packets\Packets.csproj", "{EAD2E6F9-0430-4B90-AC2B-2E6D7922955F}"
EndProject
Project("{2150E333-8FDC-42A3-9474-1A3956D46DE8}") = "Solution Items", "Solution Items", "{751F1BC0-BE91-47E9-9D13-5F1DDFF75B9A}"
	ProjectSection(SolutionItems) = preProject
		.editorconfig = .editorconfig
	EndProjectSection
EndProject
Project("{FAE04EC0-301F-11D3-BF4B-00C04F79EFBC}") = "gameClient", "..\gameClient\gameClient.csproj", "{0BD4776B-A07D-442D-960A-D9E1E2B32510}"
EndProject
Global
	GlobalSection(SolutionConfigurationPlatforms) = preSolution
		Debug|Any CPU = Debug|Any CPU
		Release|Any CPU = Release|Any CPU
	EndGlobalSection
	GlobalSection(ProjectConfigurationPlatforms) = postSolution
		{0FC66835-C411-4226-A26D-F6E5BA2227E5}.Debug|Any CPU.ActiveCfg = Debug|Any CPU
		{0FC66835-C411-4226-A26D-F6E5BA2227E5}.Debug|Any CPU.Build.0 = Debug|Any CPU
		{0FC66835-C411-4226-A26D-F6E5BA2227E5}.Release|Any CPU.ActiveCfg = Release|Any CPU
		{0FC66835-C411-4226-A26D-F6E5BA2227E5}.Release|Any CPU.Build.0 = Release|Any CPU
		{51EB673F-CEAF-463E-B3A4-5AAD767151DF}.Debug|Any CPU.ActiveCfg = Debug|Any CPU
		{51EB673F-CEAF-463E-B3A4-5AAD767151DF}.Debug|Any CPU.Build.0 = Debug|Any CPU
		{51EB673F-CEAF-463E-B3A4-5AAD767151DF}.Release|Any CPU.ActiveCfg = Release|Any CPU
		{51EB673F-CEAF-463E-B3A4-5AAD767151DF}.Release|Any CPU.Build.0 = Release|Any CPU
		{EAD2E6F9-0430-4B90-AC2B-2E6D7922955F}.Debug|Any CPU.ActiveCfg = Debug|Any CPU
		{EAD2E6F9-0430-4B90-AC2B-2E6D7922955F}.Debug|Any CPU.Build.0 = Debug|Any CPU
		{EAD2E6F9-0430-4B90-AC2B-2E6D7922955F}.Release|Any CPU.ActiveCfg = Release|Any CPU
		{EAD2E6F9-0430-4B90-AC2B-2E6D7922955F}.Release|Any CPU.Build.0 = Release|Any CPU
		{0BD4776B-A07D-442D-960A-D9E1E2B32510}.Debug|Any CPU.ActiveCfg = Debug|Any CPU
		{0BD4776B-A07D-442D-960A-D9E1E2B32510}.Debug|Any CPU.Build.0 = Debug|Any CPU
		{0BD4776B-A07D-442D-960A-D9E1E2B32510}.Release|Any CPU.ActiveCfg = Release|Any CPU
		{0BD4776B-A07D-442D-960A-D9E1E2B32510}.Release|Any CPU.Build.0 = Release|Any CPU
	EndGlobalSection
	GlobalSection(SolutionProperties) = preSolution
		HideSolutionNode = FALSE
	EndGlobalSection
	GlobalSection(NestedProjects) = preSolution
		{0BD4776B-A07D-442D-960A-D9E1E2B32510} = {751F1BC0-BE91-47E9-9D13-5F1DDFF75B9A}
	EndGlobalSection
	GlobalSection(ExtensibilityGlobals) = postSolution
		SolutionGuid = {2AEA021D-0B5D-4D75-8FDB-345406DF1F4E}
	EndGlobalSection
EndGlobal
